// !$*UTF8*$!
{
	archiveVersion = 1;
	classes = {
	};
	objectVersion = 46;
	objects = {

/* Begin PBXBuildFile section */
		6014C2B918F9A30400DD5395 /* Foundation.framework in Frameworks */ = {isa = PBXBuildFile; fileRef = 6014C2B818F9A30400DD5395 /* Foundation.framework */; };
		6014C2BB18F9A30400DD5395 /* CoreGraphics.framework in Frameworks */ = {isa = PBXBuildFile; fileRef = 6014C2BA18F9A30400DD5395 /* CoreGraphics.framework */; };
		6014C2BD18F9A30400DD5395 /* UIKit.framework in Frameworks */ = {isa = PBXBuildFile; fileRef = 6014C2BC18F9A30400DD5395 /* UIKit.framework */; };
		6014C2C318F9A30400DD5395 /* InfoPlist.strings in Resources */ = {isa = PBXBuildFile; fileRef = 6014C2C118F9A30400DD5395 /* InfoPlist.strings */; };
		6014C2C518F9A30400DD5395 /* main.m in Sources */ = {isa = PBXBuildFile; fileRef = 6014C2C418F9A30400DD5395 /* main.m */; };
		6014C2C918F9A30400DD5395 /* PPAppDelegate.m in Sources */ = {isa = PBXBuildFile; fileRef = 6014C2C818F9A30400DD5395 /* PPAppDelegate.m */; };
		6014C2CC18F9A30400DD5395 /* Main.storyboard in Resources */ = {isa = PBXBuildFile; fileRef = 6014C2CA18F9A30400DD5395 /* Main.storyboard */; };
		6014C2CF18F9A30400DD5395 /* PPViewController.m in Sources */ = {isa = PBXBuildFile; fileRef = 6014C2CE18F9A30400DD5395 /* PPViewController.m */; };
		6014C2D118F9A30400DD5395 /* Images.xcassets in Resources */ = {isa = PBXBuildFile; fileRef = 6014C2D018F9A30400DD5395 /* Images.xcassets */; };
		6014C2D818F9A30400DD5395 /* XCTest.framework in Frameworks */ = {isa = PBXBuildFile; fileRef = 6014C2D718F9A30400DD5395 /* XCTest.framework */; };
		6014C2D918F9A30400DD5395 /* Foundation.framework in Frameworks */ = {isa = PBXBuildFile; fileRef = 6014C2B818F9A30400DD5395 /* Foundation.framework */; };
		6014C2DA18F9A30400DD5395 /* UIKit.framework in Frameworks */ = {isa = PBXBuildFile; fileRef = 6014C2BC18F9A30400DD5395 /* UIKit.framework */; };
		6014C2E218F9A30400DD5395 /* InfoPlist.strings in Resources */ = {isa = PBXBuildFile; fileRef = 6014C2E018F9A30400DD5395 /* InfoPlist.strings */; };
		6014C2E418F9A30400DD5395 /* Git_TestTests.m in Sources */ = {isa = PBXBuildFile; fileRef = 6014C2E318F9A30400DD5395 /* Git_TestTests.m */; };
/* End PBXBuildFile section */

/* Begin PBXContainerItemProxy section */
		6014C2DB18F9A30400DD5395 /* PBXContainerItemProxy */ = {
			isa = PBXContainerItemProxy;
			containerPortal = 6014C2AD18F9A30300DD5395 /* Project object */;
			proxyType = 1;
			remoteGlobalIDString = 6014C2B418F9A30400DD5395;
			remoteInfo = "Git Test";
		};
/* End PBXContainerItemProxy section */

/* Begin PBXFileReference section */
		6014C2B518F9A30400DD5395 /* Git Test.app */ = {isa = PBXFileReference; explicitFileType = wrapper.application; includeInIndex = 0; path = "Git Test.app"; sourceTree = BUILT_PRODUCTS_DIR; };
		6014C2B818F9A30400DD5395 /* Foundation.framework */ = {isa = PBXFileReference; lastKnownFileType = wrapper.framework; name = Foundation.framework; path = System/Library/Frameworks/Foundation.framework; sourceTree = SDKROOT; };
		6014C2BA18F9A30400DD5395 /* CoreGraphics.framework */ = {isa = PBXFileReference; lastKnownFileType = wrapper.framework; name = CoreGraphics.framework; path = System/Library/Frameworks/CoreGraphics.framework; sourceTree = SDKROOT; };
		6014C2BC18F9A30400DD5395 /* UIKit.framework */ = {isa = PBXFileReference; lastKnownFileType = wrapper.framework; name = UIKit.framework; path = System/Library/Frameworks/UIKit.framework; sourceTree = SDKROOT; };
		6014C2C018F9A30400DD5395 /* Git Test-Info.plist */ = {isa = PBXFileReference; lastKnownFileType = text.plist.xml; path = "Git Test-Info.plist"; sourceTree = "<group>"; };
		6014C2C218F9A30400DD5395 /* en */ = {isa = PBXFileReference; lastKnownFileType = text.plist.strings; name = en; path = en.lproj/InfoPlist.strings; sourceTree = "<group>"; };
		6014C2C418F9A30400DD5395 /* main.m */ = {isa = PBXFileReference; lastKnownFileType = sourcecode.c.objc; path = main.m; sourceTree = "<group>"; };
		6014C2C618F9A30400DD5395 /* Git Test-Prefix.pch */ = {isa = PBXFileReference; lastKnownFileType = sourcecode.c.h; path = "Git Test-Prefix.pch"; sourceTree = "<group>"; };
		6014C2C718F9A30400DD5395 /* PPAppDelegate.h */ = {isa = PBXFileReference; lastKnownFileType = sourcecode.c.h; path = PPAppDelegate.h; sourceTree = "<group>"; };
		6014C2C818F9A30400DD5395 /* PPAppDelegate.m */ = {isa = PBXFileReference; lastKnownFileType = sourcecode.c.objc; path = PPAppDelegate.m; sourceTree = "<group>"; };
		6014C2CB18F9A30400DD5395 /* Base */ = {isa = PBXFileReference; lastKnownFileType = file.storyboard; name = Base; path = Base.lproj/Main.storyboard; sourceTree = "<group>"; };
		6014C2CD18F9A30400DD5395 /* PPViewController.h */ = {isa = PBXFileReference; lastKnownFileType = sourcecode.c.h; path = PPViewController.h; sourceTree = "<group>"; };
		6014C2CE18F9A30400DD5395 /* PPViewController.m */ = {isa = PBXFileReference; lastKnownFileType = sourcecode.c.objc; path = PPViewController.m; sourceTree = "<group>"; };
		6014C2D018F9A30400DD5395 /* Images.xcassets */ = {isa = PBXFileReference; lastKnownFileType = folder.assetcatalog; path = Images.xcassets; sourceTree = "<group>"; };
		6014C2D618F9A30400DD5395 /* Git TestTests.xctest */ = {isa = PBXFileReference; explicitFileType = wrapper.cfbundle; includeInIndex = 0; path = "Git TestTests.xctest"; sourceTree = BUILT_PRODUCTS_DIR; };
		6014C2D718F9A30400DD5395 /* XCTest.framework */ = {isa = PBXFileReference; lastKnownFileType = wrapper.framework; name = XCTest.framework; path = Library/Frameworks/XCTest.framework; sourceTree = DEVELOPER_DIR; };
		6014C2DF18F9A30400DD5395 /* Git TestTests-Info.plist */ = {isa = PBXFileReference; lastKnownFileType = text.plist.xml; path = "Git TestTests-Info.plist"; sourceTree = "<group>"; };
		6014C2E118F9A30400DD5395 /* en */ = {isa = PBXFileReference; lastKnownFileType = text.plist.strings; name = en; path = en.lproj/InfoPlist.strings; sourceTree = "<group>"; };
		6014C2E318F9A30400DD5395 /* Git_TestTests.m */ = {isa = PBXFileReference; lastKnownFileType = sourcecode.c.objc; path = Git_TestTests.m; sourceTree = "<group>"; };
/* End PBXFileReference section */

/* Begin PBXFrameworksBuildPhase section */
		6014C2B218F9A30400DD5395 /* Frameworks */ = {
			isa = PBXFrameworksBuildPhase;
			buildActionMask = 2147483647;
			files = (
				6014C2BB18F9A30400DD5395 /* CoreGraphics.framework in Frameworks */,
				6014C2BD18F9A30400DD5395 /* UIKit.framework in Frameworks */,
				6014C2B918F9A30400DD5395 /* Foundation.framework in Frameworks */,
			);
			runOnlyForDeploymentPostprocessing = 0;
		};
		6014C2D318F9A30400DD5395 /* Frameworks */ = {
			isa = PBXFrameworksBuildPhase;
			buildActionMask = 2147483647;
			files = (
				6014C2D818F9A30400DD5395 /* XCTest.framework in Frameworks */,
				6014C2DA18F9A30400DD5395 /* UIKit.framework in Frameworks */,
				6014C2D918F9A30400DD5395 /* Foundation.framework in Frameworks */,
			);
			runOnlyForDeploymentPostprocessing = 0;
		};
/* End PBXFrameworksBuildPhase section */

/* Begin PBXGroup section */
		6014C2AC18F9A30300DD5395 = {
			isa = PBXGroup;
			children = (
				6014C2BE18F9A30400DD5395 /* Git Test */,
				6014C2DD18F9A30400DD5395 /* Git TestTests */,
				6014C2B718F9A30400DD5395 /* Frameworks */,
				6014C2B618F9A30400DD5395 /* Products */,
			);
			sourceTree = "<group>";
		};
		6014C2B618F9A30400DD5395 /* Products */ = {
			isa = PBXGroup;
			children = (
				6014C2B518F9A30400DD5395 /* Git Test.app */,
				6014C2D618F9A30400DD5395 /* Git TestTests.xctest */,
			);
			name = Products;
			sourceTree = "<group>";
		};
		6014C2B718F9A30400DD5395 /* Frameworks */ = {
			isa = PBXGroup;
			children = (
				6014C2B818F9A30400DD5395 /* Foundation.framework */,
				6014C2BA18F9A30400DD5395 /* CoreGraphics.framework */,
				6014C2BC18F9A30400DD5395 /* UIKit.framework */,
				6014C2D718F9A30400DD5395 /* XCTest.framework */,
			);
			name = Frameworks;
			sourceTree = "<group>";
		};
		6014C2BE18F9A30400DD5395 /* Git Test */ = {
			isa = PBXGroup;
			children = (
				6014C2C718F9A30400DD5395 /* PPAppDelegate.h */,
				6014C2C818F9A30400DD5395 /* PPAppDelegate.m */,
				6014C2CA18F9A30400DD5395 /* Main.storyboard */,
				6014C2CD18F9A30400DD5395 /* PPViewController.h */,
				6014C2CE18F9A30400DD5395 /* PPViewController.m */,
				6014C2D018F9A30400DD5395 /* Images.xcassets */,
				6014C2BF18F9A30400DD5395 /* Supporting Files */,
			);
			path = "Git Test";
			sourceTree = "<group>";
		};
		6014C2BF18F9A30400DD5395 /* Supporting Files */ = {
			isa = PBXGroup;
			children = (
				6014C2C018F9A30400DD5395 /* Git Test-Info.plist */,
				6014C2C118F9A30400DD5395 /* InfoPlist.strings */,
				6014C2C418F9A30400DD5395 /* main.m */,
				6014C2C618F9A30400DD5395 /* Git Test-Prefix.pch */,
			);
			name = "Supporting Files";
			sourceTree = "<group>";
		};
		6014C2DD18F9A30400DD5395 /* Git TestTests */ = {
			isa = PBXGroup;
			children = (
				6014C2E318F9A30400DD5395 /* Git_TestTests.m */,
				6014C2DE18F9A30400DD5395 /* Supporting Files */,
			);
			path = "Git TestTests";
			sourceTree = "<group>";
		};
		6014C2DE18F9A30400DD5395 /* Supporting Files */ = {
			isa = PBXGroup;
			children = (
				6014C2DF18F9A30400DD5395 /* Git TestTests-Info.plist */,
				6014C2E018F9A30400DD5395 /* InfoPlist.strings */,
			);
			name = "Supporting Files";
			sourceTree = "<group>";
		};
/* End PBXGroup section */

/* Begin PBXNativeTarget section */
		6014C2B418F9A30400DD5395 /* Git Test */ = {
			isa = PBXNativeTarget;
			buildConfigurationList = 6014C2E718F9A30400DD5395 /* Build configuration list for PBXNativeTarget "Git Test" */;
			buildPhases = (
				6014C2B118F9A30400DD5395 /* Sources */,
				6014C2B218F9A30400DD5395 /* Frameworks */,
				6014C2B318F9A30400DD5395 /* Resources */,
			);
			buildRules = (
			);
			dependencies = (
			);
			name = "Git Test";
			productName = "Git Test";
			productReference = 6014C2B518F9A30400DD5395 /* Git Test.app */;
			productType = "com.apple.product-type.application";
		};
		6014C2D518F9A30400DD5395 /* Git TestTests */ = {
			isa = PBXNativeTarget;
			buildConfigurationList = 6014C2EA18F9A30400DD5395 /* Build configuration list for PBXNativeTarget "Git TestTests" */;
			buildPhases = (
				6014C2D218F9A30400DD5395 /* Sources */,
				6014C2D318F9A30400DD5395 /* Frameworks */,
				6014C2D418F9A30400DD5395 /* Resources */,
			);
			buildRules = (
			);
			dependencies = (
				6014C2DC18F9A30400DD5395 /* PBXTargetDependency */,
			);
			name = "Git TestTests";
			productName = "Git TestTests";
			productReference = 6014C2D618F9A30400DD5395 /* Git TestTests.xctest */;
			productType = "com.apple.product-type.bundle.unit-test";
		};
/* End PBXNativeTarget section */

/* Begin PBXProject section */
		6014C2AD18F9A30300DD5395 /* Project object */ = {
			isa = PBXProject;
			attributes = {
				CLASSPREFIX = PP;
				LastUpgradeCheck = 0510;
				ORGANIZATIONNAME = "___FULLUSERNAME___";
				TargetAttributes = {
					6014C2D518F9A30400DD5395 = {
						TestTargetID = 6014C2B418F9A30400DD5395;
					};
				};
			};
			buildConfigurationList = 6014C2B018F9A30300DD5395 /* Build configuration list for PBXProject "Git Test" */;
			compatibilityVersion = "Xcode 3.2";
			developmentRegion = English;
			hasScannedForEncodings = 0;
			knownRegions = (
				en,
				Base,
			);
			mainGroup = 6014C2AC18F9A30300DD5395;
			productRefGroup = 6014C2B618F9A30400DD5395 /* Products */;
			projectDirPath = "";
			projectRoot = "";
			targets = (
				6014C2B418F9A30400DD5395 /* Git Test */,
				6014C2D518F9A30400DD5395 /* Git TestTests */,
			);
		};
/* End PBXProject section */

/* Begin PBXResourcesBuildPhase section */
		6014C2B318F9A30400DD5395 /* Resources */ = {
			isa = PBXResourcesBuildPhase;
			buildActionMask = 2147483647;
			files = (
				6014C2D118F9A30400DD5395 /* Images.xcassets in Resources */,
				6014C2C318F9A30400DD5395 /* InfoPlist.strings in Resources */,
				6014C2CC18F9A30400DD5395 /* Main.storyboard in Resources */,
			);
			runOnlyForDeploymentPostprocessing = 0;
		};
		6014C2D418F9A30400DD5395 /* Resources */ = {
			isa = PBXResourcesBuildPhase;
			buildActionMask = 2147483647;
			files = (
				6014C2E218F9A30400DD5395 /* InfoPlist.strings in Resources */,
			);
			runOnlyForDeploymentPostprocessing = 0;
		};
/* End PBXResourcesBuildPhase section */

/* Begin PBXSourcesBuildPhase section */
		6014C2B118F9A30400DD5395 /* Sources */ = {
			isa = PBXSourcesBuildPhase;
			buildActionMask = 2147483647;
			files = (
				6014C2C918F9A30400DD5395 /* PPAppDelegate.m in Sources */,
				6014C2CF18F9A30400DD5395 /* PPViewController.m in Sources */,
				6014C2C518F9A30400DD5395 /* main.m in Sources */,
			);
			runOnlyForDeploymentPostprocessing = 0;
		};
		6014C2D218F9A30400DD5395 /* Sources */ = {
			isa = PBXSourcesBuildPhase;
			buildActionMask = 2147483647;
			files = (
				6014C2E418F9A30400DD5395 /* Git_TestTests.m in Sources */,
			);
			runOnlyForDeploymentPostprocessing = 0;
		};
/* End PBXSourcesBuildPhase section */

/* Begin PBXTargetDependency section */
		6014C2DC18F9A30400DD5395 /* PBXTargetDependency */ = {
			isa = PBXTargetDependency;
			target = 6014C2B418F9A30400DD5395 /* Git Test */;
			targetProxy = 6014C2DB18F9A30400DD5395 /* PBXContainerItemProxy */;
		};
/* End PBXTargetDependency section */

/* Begin PBXVariantGroup section */
		6014C2C118F9A30400DD5395 /* InfoPlist.strings */ = {
			isa = PBXVariantGroup;
			children = (
				6014C2C218F9A30400DD5395 /* en */,
			);
			name = InfoPlist.strings;
			sourceTree = "<group>";
		};
		6014C2CA18F9A30400DD5395 /* Main.storyboard */ = {
			isa = PBXVariantGroup;
			children = (
				6014C2CB18F9A30400DD5395 /* Base */,
			);
			name = Main.storyboard;
			sourceTree = "<group>";
		};
		6014C2E018F9A30400DD5395 /* InfoPlist.strings */ = {
			isa = PBXVariantGroup;
			children = (
				6014C2E118F9A30400DD5395 /* en */,
			);
			name = InfoPlist.strings;
			sourceTree = "<group>";
		};
/* End PBXVariantGroup section */

/* Begin XCBuildConfiguration section */
		6014C2E518F9A30400DD5395 /* Debug */ = {
			isa = XCBuildConfiguration;
			buildSettings = {
				ALWAYS_SEARCH_USER_PATHS = NO;
				CLANG_CXX_LANGUAGE_STANDARD = "gnu++0x";
				CLANG_CXX_LIBRARY = "libc++";
				CLANG_ENABLE_MODULES = YES;
				CLANG_ENABLE_OBJC_ARC = YES;
				CLANG_WARN_BOOL_CONVERSION = YES;
				CLANG_WARN_CONSTANT_CONVERSION = YES;
				CLANG_WARN_DIRECT_OBJC_ISA_USAGE = YES_ERROR;
				CLANG_WARN_EMPTY_BODY = YES;
				CLANG_WARN_ENUM_CONVERSION = YES;
				CLANG_WARN_INT_CONVERSION = YES;
				CLANG_WARN_OBJC_ROOT_CLASS = YES_ERROR;
				CLANG_WARN__DUPLICATE_METHOD_MATCH = YES;
				"CODE_SIGN_IDENTITY[sdk=iphoneos*]" = "iPhone Developer";
				COPY_PHASE_STRIP = NO;
				GCC_C_LANGUAGE_STANDARD = gnu99;
				GCC_DYNAMIC_NO_PIC = NO;
				GCC_OPTIMIZATION_LEVEL = 0;
				GCC_PREPROCESSOR_DEFINITIONS = (
					"DEBUG=1",
					"$(inherited)",
				);
				GCC_SYMBOLS_PRIVATE_EXTERN = NO;
				GCC_WARN_64_TO_32_BIT_CONVERSION = YES;
				GCC_WARN_ABOUT_RETURN_TYPE = YES_ERROR;
				GCC_WARN_UNDECLARED_SELECTOR = YES;
				GCC_WARN_UNINITIALIZED_AUTOS = YES_AGGRESSIVE;
				GCC_WARN_UNUSED_FUNCTION = YES;
				GCC_WARN_UNUSED_VARIABLE = YES;
				IPHONEOS_DEPLOYMENT_TARGET = 7.1;
				ONLY_ACTIVE_ARCH = YES;
				SDKROOT = iphoneos;
			};
			name = Debug;
		};
		6014C2E618F9A30400DD5395 /* Release */ = {
			isa = XCBuildConfiguration;
			buildSettings = {
				ALWAYS_SEARCH_USER_PATHS = NO;
				CLANG_CXX_LANGUAGE_STANDARD = "gnu++0x";
				CLANG_CXX_LIBRARY = "libc++";
				CLANG_ENABLE_MODULES = YES;
				CLANG_ENABLE_OBJC_ARC = YES;
				CLANG_WARN_BOOL_CONVERSION = YES;
				CLANG_WARN_CONSTANT_CONVERSION = YES;
				CLANG_WARN_DIRECT_OBJC_ISA_USAGE = YES_ERROR;
				CLANG_WARN_EMPTY_BODY = YES;
				CLANG_WARN_ENUM_CONVERSION = YES;
				CLANG_WARN_INT_CONVERSION = YES;
				CLANG_WARN_OBJC_ROOT_CLASS = YES_ERROR;
				CLANG_WARN__DUPLICATE_METHOD_MATCH = YES;
				"CODE_SIGN_IDENTITY[sdk=iphoneos*]" = "iPhone Developer";
				COPY_PHASE_STRIP = YES;
				ENABLE_NS_ASSERTIONS = NO;
				GCC_C_LANGUAGE_STANDARD = gnu99;
				GCC_WARN_64_TO_32_BIT_CONVERSION = YES;
				GCC_WARN_ABOUT_RETURN_TYPE = YES_ERROR;
				GCC_WARN_UNDECLARED_SELECTOR = YES;
				GCC_WARN_UNINITIALIZED_AUTOS = YES_AGGRESSIVE;
				GCC_WARN_UNUSED_FUNCTION = YES;
				GCC_WARN_UNUSED_VARIABLE = YES;
				IPHONEOS_DEPLOYMENT_TARGET = 7.1;
				SDKROOT = iphoneos;
				VALIDATE_PRODUCT = YES;
			};
			name = Release;
		};
		6014C2E818F9A30400DD5395 /* Debug */ = {
			isa = XCBuildConfiguration;
			buildSettings = {
				ASSETCATALOG_COMPILER_APPICON_NAME = AppIcon;
				ASSETCATALOG_COMPILER_LAUNCHIMAGE_NAME = LaunchImage;
				GCC_PRECOMPILE_PREFIX_HEADER = YES;
				GCC_PREFIX_HEADER = "Git Test/Git Test-Prefix.pch";
				INFOPLIST_FILE = "Git Test/Git Test-Info.plist";
				PRODUCT_NAME = "$(TARGET_NAME)";
				WRAPPER_EXTENSION = app;
			};
			name = Debug;
		};
		6014C2E918F9A30400DD5395 /* Release */ = {
			isa = XCBuildConfiguration;
			buildSettings = {
				ASSETCATALOG_COMPILER_APPICON_NAME = AppIcon;
				ASSETCATALOG_COMPILER_LAUNCHIMAGE_NAME = LaunchImage;
				GCC_PRECOMPILE_PREFIX_HEADER = YES;
				GCC_PREFIX_HEADER = "Git Test/Git Test-Prefix.pch";
				INFOPLIST_FILE = "Git Test/Git Test-Info.plist";
				PRODUCT_NAME = "$(TARGET_NAME)";
				WRAPPER_EXTENSION = app;
			};
			name = Release;
		};
		6014C2EB18F9A30400DD5395 /* Debug */ = {
			isa = XCBuildConfiguration;
			buildSettings = {
				BUNDLE_LOADER = "$(BUILT_PRODUCTS_DIR)/Git Test.app/Git Test";
				FRAMEWORK_SEARCH_PATHS = (
					"$(SDKROOT)/Developer/Library/Frameworks",
					"$(inherited)",
					"$(DEVELOPER_FRAMEWORKS_DIR)",
				);
				GCC_PRECOMPILE_PREFIX_HEADER = YES;
				GCC_PREFIX_HEADER = "Git Test/Git Test-Prefix.pch";
				GCC_PREPROCESSOR_DEFINITIONS = (
					"DEBUG=1",
					"$(inherited)",
				);
				INFOPLIST_FILE = "Git TestTests/Git TestTests-Info.plist";
				PRODUCT_NAME = "$(TARGET_NAME)";
				TEST_HOST = "$(BUNDLE_LOADER)";
				WRAPPER_EXTENSION = xctest;
			};
			name = Debug;
		};
		6014C2EC18F9A30400DD5395 /* Release */ = {
			isa = XCBuildConfiguration;
			buildSettings = {
				BUNDLE_LOADER = "$(BUILT_PRODUCTS_DIR)/Git Test.app/Git Test";
				FRAMEWORK_SEARCH_PATHS = (
					"$(SDKROOT)/Developer/Library/Frameworks",
					"$(inherited)",
					"$(DEVELOPER_FRAMEWORKS_DIR)",
				);
				GCC_PRECOMPILE_PREFIX_HEADER = YES;
				GCC_PREFIX_HEADER = "Git Test/Git Test-Prefix.pch";
				INFOPLIST_FILE = "Git TestTests/Git TestTests-Info.plist";
				PRODUCT_NAME = "$(TARGET_NAME)";
				TEST_HOST = "$(BUNDLE_LOADER)";
				WRAPPER_EXTENSION = xctest;
			};
			name = Release;
		};
/* End XCBuildConfiguration section */

/* Begin XCConfigurationList section */
		6014C2B018F9A30300DD5395 /* Build configuration list for PBXProject "Git Test" */ = {
			isa = XCConfigurationList;
			buildConfigurations = (
				6014C2E518F9A30400DD5395 /* Debug */,
				6014C2E618F9A30400DD5395 /* Release */,
			);
			defaultConfigurationIsVisible = 0;
			defaultConfigurationName = Release;
		};
		6014C2E718F9A30400DD5395 /* Build configuration list for PBXNativeTarget "Git Test" */ = {
			isa = XCConfigurationList;
			buildConfigurations = (
				6014C2E818F9A30400DD5395 /* Debug */,
				6014C2E918F9A30400DD5395 /* Release */,
			);
			defaultConfigurationIsVisible = 0;
		};
		6014C2EA18F9A30400DD5395 /* Build configuration list for PBXNativeTarget "Git TestTests" */ = {
			isa = XCConfigurationList;
			buildConfigurations = (
				6014C2EB18F9A30400DD5395 /* Debug */,
				6014C2EC18F9A30400DD5395 /* Release */,
			);
			defaultConfigurationIsVisible = 0;
		};
/* End XCConfigurationList section */
	};
	rootObject = 6014C2AD18F9A30300DD5395 /* Project object */;
}
